// !$*UTF8*$!
{
	archiveVersion = 1;
	classes = {
	};
	objectVersion = 56;
	objects = {

/* Begin PBXBuildFile section */
		8F3F4388293AD07B00B76F99 /* StickyHeaderApp.swift in Sources */ = {isa = PBXBuildFile; fileRef = 8F3F4387293AD07B00B76F99 /* StickyHeaderApp.swift */; };
		8F3F438A293AD07B00B76F99 /* ContentView.swift in Sources */ = {isa = PBXBuildFile; fileRef = 8F3F4389293AD07B00B76F99 /* ContentView.swift */; };
		8F3F438C293AD07E00B76F99 /* Assets.xcassets in Resources */ = {isa = PBXBuildFile; fileRef = 8F3F438B293AD07E00B76F99 /* Assets.xcassets */; };
		8F3F438F293AD07E00B76F99 /* Preview Assets.xcassets in Resources */ = {isa = PBXBuildFile; fileRef = 8F3F438E293AD07E00B76F99 /* Preview Assets.xcassets */; };
		8F3F4399293AD07E00B76F99 /* StickyHeaderTests.swift in Sources */ = {isa = PBXBuildFile; fileRef = 8F3F4398293AD07E00B76F99 /* StickyHeaderTests.swift */; };
		8F3F43A3293AD07F00B76F99 /* StickyHeaderUITests.swift in Sources */ = {isa = PBXBuildFile; fileRef = 8F3F43A2293AD07F00B76F99 /* StickyHeaderUITests.swift */; };
		8F3F43A5293AD07F00B76F99 /* StickyHeaderUITestsLaunchTests.swift in Sources */ = {isa = PBXBuildFile; fileRef = 8F3F43A4293AD07F00B76F99 /* StickyHeaderUITestsLaunchTests.swift */; };
		8F3F43B3293AD4DA00B76F99 /* Album.swift in Sources */ = {isa = PBXBuildFile; fileRef = 8F3F43B2293AD4DA00B76F99 /* Album.swift */; };
		8F3F43B6293ADAD100B76F99 /* Home.swift in Sources */ = {isa = PBXBuildFile; fileRef = 8F3F43B5293ADAD100B76F99 /* Home.swift */; };
/* End PBXBuildFile section */

/* Begin PBXContainerItemProxy section */
		8F3F4395293AD07E00B76F99 /* PBXContainerItemProxy */ = {
			isa = PBXContainerItemProxy;
			containerPortal = 8F3F437C293AD07B00B76F99 /* Project object */;
			proxyType = 1;
			remoteGlobalIDString = 8F3F4383293AD07B00B76F99;
			remoteInfo = StickyHeader;
		};
		8F3F439F293AD07F00B76F99 /* PBXContainerItemProxy */ = {
			isa = PBXContainerItemProxy;
			containerPortal = 8F3F437C293AD07B00B76F99 /* Project object */;
			proxyType = 1;
			remoteGlobalIDString = 8F3F4383293AD07B00B76F99;
			remoteInfo = StickyHeader;
		};
/* End PBXContainerItemProxy section */

/* Begin PBXFileReference section */
		8F3F4384293AD07B00B76F99 /* StickyHeader.app */ = {isa = PBXFileReference; explicitFileType = wrapper.application; includeInIndex = 0; path = StickyHeader.app; sourceTree = BUILT_PRODUCTS_DIR; };
		8F3F4387293AD07B00B76F99 /* StickyHeaderApp.swift */ = {isa = PBXFileReference; lastKnownFileType = sourcecode.swift; path = StickyHeaderApp.swift; sourceTree = "<group>"; };
		8F3F4389293AD07B00B76F99 /* ContentView.swift */ = {isa = PBXFileReference; lastKnownFileType = sourcecode.swift; path = ContentView.swift; sourceTree = "<group>"; };
		8F3F438B293AD07E00B76F99 /* Assets.xcassets */ = {isa = PBXFileReference; lastKnownFileType = folder.assetcatalog; path = Assets.xcassets; sourceTree = "<group>"; };
		8F3F438E293AD07E00B76F99 /* Preview Assets.xcassets */ = {isa = PBXFileReference; lastKnownFileType = folder.assetcatalog; path = "Preview Assets.xcassets"; sourceTree = "<group>"; };
		8F3F4394293AD07E00B76F99 /* StickyHeaderTests.xctest */ = {isa = PBXFileReference; explicitFileType = wrapper.cfbundle; includeInIndex = 0; path = StickyHeaderTests.xctest; sourceTree = BUILT_PRODUCTS_DIR; };
		8F3F4398293AD07E00B76F99 /* StickyHeaderTests.swift */ = {isa = PBXFileReference; lastKnownFileType = sourcecode.swift; path = StickyHeaderTests.swift; sourceTree = "<group>"; };
		8F3F439E293AD07F00B76F99 /* StickyHeaderUITests.xctest */ = {isa = PBXFileReference; explicitFileType = wrapper.cfbundle; includeInIndex = 0; path = StickyHeaderUITests.xctest; sourceTree = BUILT_PRODUCTS_DIR; };
		8F3F43A2293AD07F00B76F99 /* StickyHeaderUITests.swift */ = {isa = PBXFileReference; lastKnownFileType = sourcecode.swift; path = StickyHeaderUITests.swift; sourceTree = "<group>"; };
		8F3F43A4293AD07F00B76F99 /* StickyHeaderUITestsLaunchTests.swift */ = {isa = PBXFileReference; lastKnownFileType = sourcecode.swift; path = StickyHeaderUITestsLaunchTests.swift; sourceTree = "<group>"; };
		8F3F43B2293AD4DA00B76F99 /* Album.swift */ = {isa = PBXFileReference; lastKnownFileType = sourcecode.swift; path = Album.swift; sourceTree = "<group>"; };
		8F3F43B5293ADAD100B76F99 /* Home.swift */ = {isa = PBXFileReference; lastKnownFileType = sourcecode.swift; path = Home.swift; sourceTree = "<group>"; };
/* End PBXFileReference section */

/* Begin PBXFrameworksBuildPhase section */
		8F3F4381293AD07B00B76F99 /* Frameworks */ = {
			isa = PBXFrameworksBuildPhase;
			buildActionMask = 2147483647;
			files = (
			);
			runOnlyForDeploymentPostprocessing = 0;
		};
		8F3F4391293AD07E00B76F99 /* Frameworks */ = {
			isa = PBXFrameworksBuildPhase;
			buildActionMask = 2147483647;
			files = (
			);
			runOnlyForDeploymentPostprocessing = 0;
		};
		8F3F439B293AD07F00B76F99 /* Frameworks */ = {
			isa = PBXFrameworksBuildPhase;
			buildActionMask = 2147483647;
			files = (
			);
			runOnlyForDeploymentPostprocessing = 0;
		};
/* End PBXFrameworksBuildPhase section */

/* Begin PBXGroup section */
		8F3F437B293AD07B00B76F99 = {
			isa = PBXGroup;
			children = (
				8F3F4386293AD07B00B76F99 /* StickyHeader */,
				8F3F4397293AD07E00B76F99 /* StickyHeaderTests */,
				8F3F43A1293AD07F00B76F99 /* StickyHeaderUITests */,
				8F3F4385293AD07B00B76F99 /* Products */,
			);
			sourceTree = "<group>";
		};
		8F3F4385293AD07B00B76F99 /* Products */ = {
			isa = PBXGroup;
			children = (
				8F3F4384293AD07B00B76F99 /* StickyHeader.app */,
				8F3F4394293AD07E00B76F99 /* StickyHeaderTests.xctest */,
				8F3F439E293AD07F00B76F99 /* StickyHeaderUITests.xctest */,
			);
			name = Products;
			sourceTree = "<group>";
		};
		8F3F4386293AD07B00B76F99 /* StickyHeader */ = {
			isa = PBXGroup;
			children = (
				8F3F43B4293ADABE00B76F99 /* View */,
				8F3F43B1293AD4B700B76F99 /* Model */,
				8F3F4387293AD07B00B76F99 /* StickyHeaderApp.swift */,
				8F3F4389293AD07B00B76F99 /* ContentView.swift */,
				8F3F438B293AD07E00B76F99 /* Assets.xcassets */,
				8F3F438D293AD07E00B76F99 /* Preview Content */,
			);
			path = StickyHeader;
			sourceTree = "<group>";
		};
		8F3F438D293AD07E00B76F99 /* Preview Content */ = {
			isa = PBXGroup;
			children = (
				8F3F438E293AD07E00B76F99 /* Preview Assets.xcassets */,
			);
			path = "Preview Content";
			sourceTree = "<group>";
		};
		8F3F4397293AD07E00B76F99 /* StickyHeaderTests */ = {
			isa = PBXGroup;
			children = (
				8F3F4398293AD07E00B76F99 /* StickyHeaderTests.swift */,
			);
			path = StickyHeaderTests;
			sourceTree = "<group>";
		};
		8F3F43A1293AD07F00B76F99 /* StickyHeaderUITests */ = {
			isa = PBXGroup;
			children = (
				8F3F43A2293AD07F00B76F99 /* StickyHeaderUITests.swift */,
				8F3F43A4293AD07F00B76F99 /* StickyHeaderUITestsLaunchTests.swift */,
			);
			path = StickyHeaderUITests;
			sourceTree = "<group>";
		};
		8F3F43B1293AD4B700B76F99 /* Model */ = {
			isa = PBXGroup;
			children = (
				8F3F43B2293AD4DA00B76F99 /* Album.swift */,
			);
			path = Model;
			sourceTree = "<group>";
		};
		8F3F43B4293ADABE00B76F99 /* View */ = {
			isa = PBXGroup;
			children = (
				8F3F43B5293ADAD100B76F99 /* Home.swift */,
			);
			path = View;
			sourceTree = "<group>";
		};
/* End PBXGroup section */

/* Begin PBXNativeTarget section */
		8F3F4383293AD07B00B76F99 /* StickyHeader */ = {
			isa = PBXNativeTarget;
			buildConfigurationList = 8F3F43A8293AD07F00B76F99 /* Build configuration list for PBXNativeTarget "StickyHeader" */;
			buildPhases = (
				8F3F4380293AD07B00B76F99 /* Sources */,
				8F3F4381293AD07B00B76F99 /* Frameworks */,
				8F3F4382293AD07B00B76F99 /* Resources */,
			);
			buildRules = (
			);
			dependencies = (
			);
			name = StickyHeader;
			productName = StickyHeader;
			productReference = 8F3F4384293AD07B00B76F99 /* StickyHeader.app */;
			productType = "com.apple.product-type.application";
		};
		8F3F4393293AD07E00B76F99 /* StickyHeaderTests */ = {
			isa = PBXNativeTarget;
			buildConfigurationList = 8F3F43AB293AD07F00B76F99 /* Build configuration list for PBXNativeTarget "StickyHeaderTests" */;
			buildPhases = (
				8F3F4390293AD07E00B76F99 /* Sources */,
				8F3F4391293AD07E00B76F99 /* Frameworks */,
				8F3F4392293AD07E00B76F99 /* Resources */,
			);
			buildRules = (
			);
			dependencies = (
				8F3F4396293AD07E00B76F99 /* PBXTargetDependency */,
			);
			name = StickyHeaderTests;
			productName = StickyHeaderTests;
			productReference = 8F3F4394293AD07E00B76F99 /* StickyHeaderTests.xctest */;
			productType = "com.apple.product-type.bundle.unit-test";
		};
		8F3F439D293AD07F00B76F99 /* StickyHeaderUITests */ = {
			isa = PBXNativeTarget;
			buildConfigurationList = 8F3F43AE293AD07F00B76F99 /* Build configuration list for PBXNativeTarget "StickyHeaderUITests" */;
			buildPhases = (
				8F3F439A293AD07F00B76F99 /* Sources */,
				8F3F439B293AD07F00B76F99 /* Frameworks */,
				8F3F439C293AD07F00B76F99 /* Resources */,
			);
			buildRules = (
			);
			dependencies = (
				8F3F43A0293AD07F00B76F99 /* PBXTargetDependency */,
			);
			name = StickyHeaderUITests;
			productName = StickyHeaderUITests;
			productReference = 8F3F439E293AD07F00B76F99 /* StickyHeaderUITests.xctest */;
			productType = "com.apple.product-type.bundle.ui-testing";
		};
/* End PBXNativeTarget section */

/* Begin PBXProject section */
		8F3F437C293AD07B00B76F99 /* Project object */ = {
			isa = PBXProject;
			attributes = {
				BuildIndependentTargetsInParallel = 1;
				LastSwiftUpdateCheck = 1410;
				LastUpgradeCheck = 1410;
				TargetAttributes = {
					8F3F4383293AD07B00B76F99 = {
						CreatedOnToolsVersion = 14.1;
					};
					8F3F4393293AD07E00B76F99 = {
						CreatedOnToolsVersion = 14.1;
						TestTargetID = 8F3F4383293AD07B00B76F99;
					};
					8F3F439D293AD07F00B76F99 = {
						CreatedOnToolsVersion = 14.1;
						TestTargetID = 8F3F4383293AD07B00B76F99;
					};
				};
			};
			buildConfigurationList = 8F3F437F293AD07B00B76F99 /* Build configuration list for PBXProject "StickyHeader" */;
			compatibilityVersion = "Xcode 14.0";
			developmentRegion = en;
			hasScannedForEncodings = 0;
			knownRegions = (
				en,
				Base,
			);
			mainGroup = 8F3F437B293AD07B00B76F99;
			productRefGroup = 8F3F4385293AD07B00B76F99 /* Products */;
			projectDirPath = "";
			projectRoot = "";
			targets = (
				8F3F4383293AD07B00B76F99 /* StickyHeader */,
				8F3F4393293AD07E00B76F99 /* StickyHeaderTests */,
				8F3F439D293AD07F00B76F99 /* StickyHeaderUITests */,
			);
		};
/* End PBXProject section */

/* Begin PBXResourcesBuildPhase section */
		8F3F4382293AD07B00B76F99 /* Resources */ = {
			isa = PBXResourcesBuildPhase;
			buildActionMask = 2147483647;
			files = (
				8F3F438F293AD07E00B76F99 /* Preview Assets.xcassets in Resources */,
				8F3F438C293AD07E00B76F99 /* Assets.xcassets in Resources */,
			);
			runOnlyForDeploymentPostprocessing = 0;
		};
		8F3F4392293AD07E00B76F99 /* Resources */ = {
			isa = PBXResourcesBuildPhase;
			buildActionMask = 2147483647;
			files = (
			);
			runOnlyForDeploymentPostprocessing = 0;
		};
		8F3F439C293AD07F00B76F99 /* Resources */ = {
			isa = PBXResourcesBuildPhase;
			buildActionMask = 2147483647;
			files = (
			);
			runOnlyForDeploymentPostprocessing = 0;
		};
/* End PBXResourcesBuildPhase section */

/* Begin PBXSourcesBuildPhase section */
		8F3F4380293AD07B00B76F99 /* Sources */ = {
			isa = PBXSourcesBuildPhase;
			buildActionMask = 2147483647;
			files = (
				8F3F438A293AD07B00B76F99 /* ContentView.swift in Sources */,
				8F3F4388293AD07B00B76F99 /* StickyHeaderApp.swift in Sources */,
				8F3F43B6293ADAD100B76F99 /* Home.swift in Sources */,
				8F3F43B3293AD4DA00B76F99 /* Album.swift in Sources */,
			);
			runOnlyForDeploymentPostprocessing = 0;
		};
		8F3F4390293AD07E00B76F99 /* Sources */ = {
			isa = PBXSourcesBuildPhase;
			buildActionMask = 2147483647;
			files = (
				8F3F4399293AD07E00B76F99 /* StickyHeaderTests.swift in Sources */,
			);
			runOnlyForDeploymentPostprocessing = 0;
		};
		8F3F439A293AD07F00B76F99 /* Sources */ = {
			isa = PBXSourcesBuildPhase;
			buildActionMask = 2147483647;
			files = (
				8F3F43A5293AD07F00B76F99 /* StickyHeaderUITestsLaunchTests.swift in Sources */,
				8F3F43A3293AD07F00B76F99 /* StickyHeaderUITests.swift in Sources */,
			);
			runOnlyForDeploymentPostprocessing = 0;
		};
/* End PBXSourcesBuildPhase section */

/* Begin PBXTargetDependency section */
		8F3F4396293AD07E00B76F99 /* PBXTargetDependency */ = {
			isa = PBXTargetDependency;
			target = 8F3F4383293AD07B00B76F99 /* StickyHeader */;
			targetProxy = 8F3F4395293AD07E00B76F99 /* PBXContainerItemProxy */;
		};
		8F3F43A0293AD07F00B76F99 /* PBXTargetDependency */ = {
			isa = PBXTargetDependency;
			target = 8F3F4383293AD07B00B76F99 /* StickyHeader */;
			targetProxy = 8F3F439F293AD07F00B76F99 /* PBXContainerItemProxy */;
		};
/* End PBXTargetDependency section */

/* Begin XCBuildConfiguration section */
		8F3F43A6293AD07F00B76F99 /* Debug */ = {
			isa = XCBuildConfiguration;
			buildSettings = {
				ALWAYS_SEARCH_USER_PATHS = NO;
				CLANG_ANALYZER_NONNULL = YES;
				CLANG_ANALYZER_NUMBER_OBJECT_CONVERSION = YES_AGGRESSIVE;
				CLANG_CXX_LANGUAGE_STANDARD = "gnu++20";
				CLANG_ENABLE_MODULES = YES;
				CLANG_ENABLE_OBJC_ARC = YES;
				CLANG_ENABLE_OBJC_WEAK = YES;
				CLANG_WARN_BLOCK_CAPTURE_AUTORELEASING = YES;
				CLANG_WARN_BOOL_CONVERSION = YES;
				CLANG_WARN_COMMA = YES;
				CLANG_WARN_CONSTANT_CONVERSION = YES;
				CLANG_WARN_DEPRECATED_OBJC_IMPLEMENTATIONS = YES;
				CLANG_WARN_DIRECT_OBJC_ISA_USAGE = YES_ERROR;
				CLANG_WARN_DOCUMENTATION_COMMENTS = YES;
				CLANG_WARN_EMPTY_BODY = YES;
				CLANG_WARN_ENUM_CONVERSION = YES;
				CLANG_WARN_INFINITE_RECURSION = YES;
				CLANG_WARN_INT_CONVERSION = YES;
				CLANG_WARN_NON_LITERAL_NULL_CONVERSION = YES;
				CLANG_WARN_OBJC_IMPLICIT_RETAIN_SELF = YES;
				CLANG_WARN_OBJC_LITERAL_CONVERSION = YES;
				CLANG_WARN_OBJC_ROOT_CLASS = YES_ERROR;
				CLANG_WARN_QUOTED_INCLUDE_IN_FRAMEWORK_HEADER = YES;
				CLANG_WARN_RANGE_LOOP_ANALYSIS = YES;
				CLANG_WARN_STRICT_PROTOTYPES = YES;
				CLANG_WARN_SUSPICIOUS_MOVE = YES;
				CLANG_WARN_UNGUARDED_AVAILABILITY = YES_AGGRESSIVE;
				CLANG_WARN_UNREACHABLE_CODE = YES;
				CLANG_WARN__DUPLICATE_METHOD_MATCH = YES;
				COPY_PHASE_STRIP = NO;
				DEBUG_INFORMATION_FORMAT = dwarf;
				ENABLE_STRICT_OBJC_MSGSEND = YES;
				ENABLE_TESTABILITY = YES;
				GCC_C_LANGUAGE_STANDARD = gnu11;
				GCC_DYNAMIC_NO_PIC = NO;
				GCC_NO_COMMON_BLOCKS = YES;
				GCC_OPTIMIZATION_LEVEL = 0;
				GCC_PREPROCESSOR_DEFINITIONS = (
					"DEBUG=1",
					"$(inherited)",
				);
				GCC_WARN_64_TO_32_BIT_CONVERSION = YES;
				GCC_WARN_ABOUT_RETURN_TYPE = YES_ERROR;
				GCC_WARN_UNDECLARED_SELECTOR = YES;
				GCC_WARN_UNINITIALIZED_AUTOS = YES_AGGRESSIVE;
				GCC_WARN_UNUSED_FUNCTION = YES;
				GCC_WARN_UNUSED_VARIABLE = YES;
				IPHONEOS_DEPLOYMENT_TARGET = 16.1;
				MTL_ENABLE_DEBUG_INFO = INCLUDE_SOURCE;
				MTL_FAST_MATH = YES;
				ONLY_ACTIVE_ARCH = YES;
				SDKROOT = iphoneos;
				SWIFT_ACTIVE_COMPILATION_CONDITIONS = DEBUG;
				SWIFT_OPTIMIZATION_LEVEL = "-Onone";
			};
			name = Debug;
		};
		8F3F43A7293AD07F00B76F99 /* Release */ = {
			isa = XCBuildConfiguration;
			buildSettings = {
				ALWAYS_SEARCH_USER_PATHS = NO;
				CLANG_ANALYZER_NONNULL = YES;
				CLANG_ANALYZER_NUMBER_OBJECT_CONVERSION = YES_AGGRESSIVE;
				CLANG_CXX_LANGUAGE_STANDARD = "gnu++20";
				CLANG_ENABLE_MODULES = YES;
				CLANG_ENABLE_OBJC_ARC = YES;
				CLANG_ENABLE_OBJC_WEAK = YES;
				CLANG_WARN_BLOCK_CAPTURE_AUTORELEASING = YES;
				CLANG_WARN_BOOL_CONVERSION = YES;
				CLANG_WARN_COMMA = YES;
				CLANG_WARN_CONSTANT_CONVERSION = YES;
				CLANG_WARN_DEPRECATED_OBJC_IMPLEMENTATIONS = YES;
				CLANG_WARN_DIRECT_OBJC_ISA_USAGE = YES_ERROR;
				CLANG_WARN_DOCUMENTATION_COMMENTS = YES;
				CLANG_WARN_EMPTY_BODY = YES;
				CLANG_WARN_ENUM_CONVERSION = YES;
				CLANG_WARN_INFINITE_RECURSION = YES;
				CLANG_WARN_INT_CONVERSION = YES;
				CLANG_WARN_NON_LITERAL_NULL_CONVERSION = YES;
				CLANG_WARN_OBJC_IMPLICIT_RETAIN_SELF = YES;
				CLANG_WARN_OBJC_LITERAL_CONVERSION = YES;
				CLANG_WARN_OBJC_ROOT_CLASS = YES_ERROR;
				CLANG_WARN_QUOTED_INCLUDE_IN_FRAMEWORK_HEADER = YES;
				CLANG_WARN_RANGE_LOOP_ANALYSIS = YES;
				CLANG_WARN_STRICT_PROTOTYPES = YES;
				CLANG_WARN_SUSPICIOUS_MOVE = YES;
				CLANG_WARN_UNGUARDED_AVAILABILITY = YES_AGGRESSIVE;
				CLANG_WARN_UNREACHABLE_CODE = YES;
				CLANG_WARN__DUPLICATE_METHOD_MATCH = YES;
				COPY_PHASE_STRIP = NO;
				DEBUG_INFORMATION_FORMAT = "dwarf-with-dsym";
				ENABLE_NS_ASSERTIONS = NO;
				ENABLE_STRICT_OBJC_MSGSEND = YES;
				GCC_C_LANGUAGE_STANDARD = gnu11;
				GCC_NO_COMMON_BLOCKS = YES;
				GCC_WARN_64_TO_32_BIT_CONVERSION = YES;
				GCC_WARN_ABOUT_RETURN_TYPE = YES_ERROR;
				GCC_WARN_UNDECLARED_SELECTOR = YES;
				GCC_WARN_UNINITIALIZED_AUTOS = YES_AGGRESSIVE;
				GCC_WARN_UNUSED_FUNCTION = YES;
				GCC_WARN_UNUSED_VARIABLE = YES;
				IPHONEOS_DEPLOYMENT_TARGET = 16.1;
				MTL_ENABLE_DEBUG_INFO = NO;
				MTL_FAST_MATH = YES;
				SDKROOT = iphoneos;
				SWIFT_COMPILATION_MODE = wholemodule;
				SWIFT_OPTIMIZATION_LEVEL = "-O";
				VALIDATE_PRODUCT = YES;
			};
			name = Release;
		};
		8F3F43A9293AD07F00B76F99 /* Debug */ = {
			isa = XCBuildConfiguration;
			buildSettings = {
				ASSETCATALOG_COMPILER_APPICON_NAME = AppIcon;
				ASSETCATALOG_COMPILER_GLOBAL_ACCENT_COLOR_NAME = AccentColor;
				CODE_SIGN_STYLE = Automatic;
				CURRENT_PROJECT_VERSION = 1;
				DEVELOPMENT_ASSET_PATHS = "\"StickyHeader/Preview Content\"";
				ENABLE_PREVIEWS = YES;
				GENERATE_INFOPLIST_FILE = YES;
				INFOPLIST_KEY_UIApplicationSceneManifest_Generation = YES;
				INFOPLIST_KEY_UIApplicationSupportsIndirectInputEvents = YES;
				INFOPLIST_KEY_UILaunchScreen_Generation = YES;
				INFOPLIST_KEY_UISupportedInterfaceOrientations_iPad = "UIInterfaceOrientationPortrait UIInterfaceOrientationPortraitUpsideDown UIInterfaceOrientationLandscapeLeft UIInterfaceOrientationLandscapeRight";
				INFOPLIST_KEY_UISupportedInterfaceOrientations_iPhone = "UIInterfaceOrientationPortrait UIInterfaceOrientationLandscapeLeft UIInterfaceOrientationLandscapeRight";
				LD_RUNPATH_SEARCH_PATHS = (
					"$(inherited)",
					"@executable_path/Frameworks",
				);
				MARKETING_VERSION = 1.0;
				PRODUCT_BUNDLE_IDENTIFIER = com.lebonbauma.dev.StickyHeader;
				PRODUCT_NAME = "$(TARGET_NAME)";
				SWIFT_EMIT_LOC_STRINGS = YES;
				SWIFT_VERSION = 5.0;
				TARGETED_DEVICE_FAMILY = "1,2";
			};
			name = Debug;
		};
		8F3F43AA293AD07F00B76F99 /* Release */ = {
			isa = XCBuildConfiguration;
			buildSettings = {
				ASSETCATALOG_COMPILER_APPICON_NAME = AppIcon;
				ASSETCATALOG_COMPILER_GLOBAL_ACCENT_COLOR_NAME = AccentColor;
				CODE_SIGN_STYLE = Automatic;
				CURRENT_PROJECT_VERSION = 1;
				DEVELOPMENT_ASSET_PATHS = "\"StickyHeader/Preview Content\"";
				ENABLE_PREVIEWS = YES;
				GENERATE_INFOPLIST_FILE = YES;
				INFOPLIST_KEY_UIApplicationSceneManifest_Generation = YES;
				INFOPLIST_KEY_UIApplicationSupportsIndirectInputEvents = YES;
				INFOPLIST_KEY_UILaunchScreen_Generation = YES;
				INFOPLIST_KEY_UISupportedInterfaceOrientations_iPad = "UIInterfaceOrientationPortrait UIInterfaceOrientationPortraitUpsideDown UIInterfaceOrientationLandscapeLeft UIInterfaceOrientationLandscapeRight";
				INFOPLIST_KEY_UISupportedInterfaceOrientations_iPhone = "UIInterfaceOrientationPortrait UIInterfaceOrientationLandscapeLeft UIInterfaceOrientationLandscapeRight";
				LD_RUNPATH_SEARCH_PATHS = (
					"$(inherited)",
					"@executable_path/Frameworks",
				);
				MARKETING_VERSION = 1.0;
				PRODUCT_BUNDLE_IDENTIFIER = com.lebonbauma.dev.StickyHeader;
				PRODUCT_NAME = "$(TARGET_NAME)";
				SWIFT_EMIT_LOC_STRINGS = YES;
				SWIFT_VERSION = 5.0;
				TARGETED_DEVICE_FAMILY = "1,2";
			};
			name = Release;
		};
		8F3F43AC293AD07F00B76F99 /* Debug */ = {
			isa = XCBuildConfiguration;
			buildSettings = {
				ALWAYS_EMBED_SWIFT_STANDARD_LIBRARIES = YES;
				BUNDLE_LOADER = "$(TEST_HOST)";
				CODE_SIGN_STYLE = Automatic;
				CURRENT_PROJECT_VERSION = 1;
				GENERATE_INFOPLIST_FILE = YES;
				IPHONEOS_DEPLOYMENT_TARGET = 16.1;
				MARKETING_VERSION = 1.0;
				PRODUCT_BUNDLE_IDENTIFIER = com.lebonbauma.dev.StickyHeaderTests;
				PRODUCT_NAME = "$(TARGET_NAME)";
				SWIFT_EMIT_LOC_STRINGS = NO;
				SWIFT_VERSION = 5.0;
				TARGETED_DEVICE_FAMILY = "1,2";
				TEST_HOST = "$(BUILT_PRODUCTS_DIR)/StickyHeader.app/$(BUNDLE_EXECUTABLE_FOLDER_PATH)/StickyHeader";
			};
			name = Debug;
		};
		8F3F43AD293AD07F00B76F99 /* Release */ = {
			isa = XCBuildConfiguration;
			buildSettings = {
				ALWAYS_EMBED_SWIFT_STANDARD_LIBRARIES = YES;
				BUNDLE_LOADER = "$(TEST_HOST)";
				CODE_SIGN_STYLE = Automatic;
				CURRENT_PROJECT_VERSION = 1;
				GENERATE_INFOPLIST_FILE = YES;
				IPHONEOS_DEPLOYMENT_TARGET = 16.1;
				MARKETING_VERSION = 1.0;
				PRODUCT_BUNDLE_IDENTIFIER = com.lebonbauma.dev.StickyHeaderTests;
				PRODUCT_NAME = "$(TARGET_NAME)";
				SWIFT_EMIT_LOC_STRINGS = NO;
				SWIFT_VERSION = 5.0;
				TARGETED_DEVICE_FAMILY = "1,2";
				TEST_HOST = "$(BUILT_PRODUCTS_DIR)/StickyHeader.app/$(BUNDLE_EXECUTABLE_FOLDER_PATH)/StickyHeader";
			};
			name = Release;
		};
		8F3F43AF293AD07F00B76F99 /* Debug */ = {
			isa = XCBuildConfiguration;
			buildSettings = {
				ALWAYS_EMBED_SWIFT_STANDARD_LIBRARIES = YES;
				CODE_SIGN_STYLE = Automatic;
				CURRENT_PROJECT_VERSION = 1;
				GENERATE_INFOPLIST_FILE = YES;
				MARKETING_VERSION = 1.0;
				PRODUCT_BUNDLE_IDENTIFIER = com.lebonbauma.dev.StickyHeaderUITests;
				PRODUCT_NAME = "$(TARGET_NAME)";
				SWIFT_EMIT_LOC_STRINGS = NO;
				SWIFT_VERSION = 5.0;
				TARGETED_DEVICE_FAMILY = "1,2";
				TEST_TARGET_NAME = StickyHeader;
			};
			name = Debug;
		};
		8F3F43B0293AD07F00B76F99 /* Release */ = {
			isa = XCBuildConfiguration;
			buildSettings = {
				ALWAYS_EMBED_SWIFT_STANDARD_LIBRARIES = YES;
				CODE_SIGN_STYLE = Automatic;
				CURRENT_PROJECT_VERSION = 1;
				GENERATE_INFOPLIST_FILE = YES;
				MARKETING_VERSION = 1.0;
				PRODUCT_BUNDLE_IDENTIFIER = com.lebonbauma.dev.StickyHeaderUITests;
				PRODUCT_NAME = "$(TARGET_NAME)";
				SWIFT_EMIT_LOC_STRINGS = NO;
				SWIFT_VERSION = 5.0;
				TARGETED_DEVICE_FAMILY = "1,2";
				TEST_TARGET_NAME = StickyHeader;
			};
			name = Release;
		};
/* End XCBuildConfiguration section */

/* Begin XCConfigurationList section */
		8F3F437F293AD07B00B76F99 /* Build configuration list for PBXProject "StickyHeader" */ = {
			isa = XCConfigurationList;
			buildConfigurations = (
				8F3F43A6293AD07F00B76F99 /* Debug */,
				8F3F43A7293AD07F00B76F99 /* Release */,
			);
			defaultConfigurationIsVisible = 0;
			defaultConfigurationName = Release;
		};
		8F3F43A8293AD07F00B76F99 /* Build configuration list for PBXNativeTarget "StickyHeader" */ = {
			isa = XCConfigurationList;
			buildConfigurations = (
				8F3F43A9293AD07F00B76F99 /* Debug */,
				8F3F43AA293AD07F00B76F99 /* Release */,
			);
			defaultConfigurationIsVisible = 0;
			defaultConfigurationName = Release;
		};
		8F3F43AB293AD07F00B76F99 /* Build configuration list for PBXNativeTarget "StickyHeaderTests" */ = {
			isa = XCConfigurationList;
			buildConfigurations = (
				8F3F43AC293AD07F00B76F99 /* Debug */,
				8F3F43AD293AD07F00B76F99 /* Release */,
			);
			defaultConfigurationIsVisible = 0;
			defaultConfigurationName = Release;
		};
		8F3F43AE293AD07F00B76F99 /* Build configuration list for PBXNativeTarget "StickyHeaderUITests" */ = {
			isa = XCConfigurationList;
			buildConfigurations = (
				8F3F43AF293AD07F00B76F99 /* Debug */,
				8F3F43B0293AD07F00B76F99 /* Release */,
			);
			defaultConfigurationIsVisible = 0;
			defaultConfigurationName = Release;
		};
/* End XCConfigurationList section */
	};
	rootObject = 8F3F437C293AD07B00B76F99 /* Project object */;
}
